
Microsoft Visual Studio Solution File, Format Version 12.00
# Visual Studio Version 16
VisualStudioVersion = 16.0.31205.134
MinimumVisualStudioVersion = 10.0.40219.1
Project("{9A19103F-16F7-4668-BE54-9A1E7A4F7556}") = "WebAppMvc", "WebAppMvc.csproj", "{B200A7C6-AD44-4ECD-8BD5-2847E8C2427F}"
EndProject
Global
	GlobalSection(SolutionConfigurationPlatforms) = preSolution
		Debug|Any CPU = Debug|Any CPU
		Release|Any CPU = Release|Any CPU
	EndGlobalSection
	GlobalSection(ProjectConfigurationPlatforms) = postSolution
		{B200A7C6-AD44-4ECD-8BD5-2847E8C2427F}.Debug|Any CPU.ActiveCfg = Debug|Any CPU
		{B200A7C6-AD44-4ECD-8BD5-2847E8C2427F}.Debug|Any CPU.Build.0 = Debug|Any CPU
		{B200A7C6-AD44-4ECD-8BD5-2847E8C2427F}.Release|Any CPU.ActiveCfg = Release|Any CPU
		{B200A7C6-AD44-4ECD-8BD5-2847E8C2427F}.Release|Any CPU.Build.0 = Release|Any CPU
	EndGlobalSection
	GlobalSection(SolutionProperties) = preSolution
		HideSolutionNode = FALSE
	EndGlobalSection
	GlobalSection(ExtensibilityGlobals) = postSolution
		SolutionGuid = {4294CDAD-2EE9-47C5-84E8-4D6655846740}
	EndGlobalSection
EndGlobal
